
Microsoft Visual Studio Solution File, Format Version 12.00
# Visual Studio Version 16
VisualStudioVersion = 16.0.29409.12
MinimumVisualStudioVersion = 10.0.40219.1
Project("{9A19103F-16F7-4668-BE54-9A1E7A4F7556}") = "Metier", "..\..\Metier\Projet tutoré\Métier\Metier.csproj", "{9C7DC20D-B458-404E-9E9E-86D608C19F11}"
EndProject
Project("{9A19103F-16F7-4668-BE54-9A1E7A4F7556}") = "FullMetalPlaneteDAL", "FullMetalPlaneteDAL\FullMetalPlaneteDAL.csproj", "{B5BBD6E4-FA49-4511-BCD1-12BE7EBEA967}"
EndProject
Project("{FAE04EC0-301F-11D3-BF4B-00C04F79EFBC}") = "Full_Metal_Planete", "Full_Metal_Planete\Full_Metal_Planete.csproj", "{B65A634C-96E6-4353-B8A1-17E7F0681B1C}"
EndProject
Project("{2150E333-8FDC-42A3-9474-1A3956D46DE8}") = "Solution Items", "Solution Items", "{B219C1B7-0910-4CCE-BAD3-B90817BEEC34}"
	ProjectSection(SolutionItems) = preProject
		.editorconfig = .editorconfig
	EndProjectSection
EndProject
Global
	GlobalSection(SolutionConfigurationPlatforms) = preSolution
		Debug|Any CPU = Debug|Any CPU
		Release|Any CPU = Release|Any CPU
	EndGlobalSection
	GlobalSection(ProjectConfigurationPlatforms) = postSolution
		{9C7DC20D-B458-404E-9E9E-86D608C19F11}.Debug|Any CPU.ActiveCfg = Debug|Any CPU
		{9C7DC20D-B458-404E-9E9E-86D608C19F11}.Debug|Any CPU.Build.0 = Debug|Any CPU
		{9C7DC20D-B458-404E-9E9E-86D608C19F11}.Release|Any CPU.ActiveCfg = Release|Any CPU
		{9C7DC20D-B458-404E-9E9E-86D608C19F11}.Release|Any CPU.Build.0 = Release|Any CPU
		{B5BBD6E4-FA49-4511-BCD1-12BE7EBEA967}.Debug|Any CPU.ActiveCfg = Debug|Any CPU
		{B5BBD6E4-FA49-4511-BCD1-12BE7EBEA967}.Debug|Any CPU.Build.0 = Debug|Any CPU
		{B5BBD6E4-FA49-4511-BCD1-12BE7EBEA967}.Release|Any CPU.ActiveCfg = Release|Any CPU
		{B5BBD6E4-FA49-4511-BCD1-12BE7EBEA967}.Release|Any CPU.Build.0 = Release|Any CPU
		{B65A634C-96E6-4353-B8A1-17E7F0681B1C}.Debug|Any CPU.ActiveCfg = Debug|Any CPU
		{B65A634C-96E6-4353-B8A1-17E7F0681B1C}.Debug|Any CPU.Build.0 = Debug|Any CPU
		{B65A634C-96E6-4353-B8A1-17E7F0681B1C}.Release|Any CPU.ActiveCfg = Release|Any CPU
		{B65A634C-96E6-4353-B8A1-17E7F0681B1C}.Release|Any CPU.Build.0 = Release|Any CPU
	EndGlobalSection
	GlobalSection(SolutionProperties) = preSolution
		HideSolutionNode = FALSE
	EndGlobalSection
	GlobalSection(ExtensibilityGlobals) = postSolution
		SolutionGuid = {1B4D00C0-1C41-401B-BF74-55453843E8A3}
	EndGlobalSection
EndGlobal
